
Microsoft Visual Studio Solution File, Format Version 12.00
# Visual Studio Version 17
VisualStudioVersion = 17.5.33516.290
MinimumVisualStudioVersion = 10.0.40219.1
Project("{9A19103F-16F7-4668-BE54-9A1E7A4F7556}") = "GSOR.Functions", "GSOR.Functions\GSOR.Functions.csproj", "{7905DF54-BDA6-4952-991E-973B2EFA3183}"
EndProject
Project("{9A19103F-16F7-4668-BE54-9A1E7A4F7556}") = "GSOR.Console", "GSOR.Console\GSOR.Console.csproj", "{01DC7A72-CF41-43C3-A5FB-307C25672F20}"
EndProject
Project("{9A19103F-16F7-4668-BE54-9A1E7A4F7556}") = "GSOR.Web", "GSOR.Web\GSOR.Web.csproj", "{DB7DE2B5-E0B9-4BB7-B5D8-17157D218167}"
EndProject
Project("{9A19103F-16F7-4668-BE54-9A1E7A4F7556}") = "GSOR.Web.Viewer", "GSOR.Web.Viewer\GSOR.Web.Viewer.csproj", "{72C69C48-C1CF-4965-B91A-69146D5DC452}"
EndProject
Global
	GlobalSection(SolutionConfigurationPlatforms) = preSolution
		Debug|Any CPU = Debug|Any CPU
		Release|Any CPU = Release|Any CPU
	EndGlobalSection
	GlobalSection(ProjectConfigurationPlatforms) = postSolution
		{7905DF54-BDA6-4952-991E-973B2EFA3183}.Debug|Any CPU.ActiveCfg = Debug|Any CPU
		{7905DF54-BDA6-4952-991E-973B2EFA3183}.Debug|Any CPU.Build.0 = Debug|Any CPU
		{7905DF54-BDA6-4952-991E-973B2EFA3183}.Release|Any CPU.ActiveCfg = Release|Any CPU
		{7905DF54-BDA6-4952-991E-973B2EFA3183}.Release|Any CPU.Build.0 = Release|Any CPU
		{01DC7A72-CF41-43C3-A5FB-307C25672F20}.Debug|Any CPU.ActiveCfg = Debug|Any CPU
		{01DC7A72-CF41-43C3-A5FB-307C25672F20}.Debug|Any CPU.Build.0 = Debug|Any CPU
		{01DC7A72-CF41-43C3-A5FB-307C25672F20}.Release|Any CPU.ActiveCfg = Release|Any CPU
		{01DC7A72-CF41-43C3-A5FB-307C25672F20}.Release|Any CPU.Build.0 = Release|Any CPU
		{DB7DE2B5-E0B9-4BB7-B5D8-17157D218167}.Debug|Any CPU.ActiveCfg = Debug|Any CPU
		{DB7DE2B5-E0B9-4BB7-B5D8-17157D218167}.Debug|Any CPU.Build.0 = Debug|Any CPU
		{DB7DE2B5-E0B9-4BB7-B5D8-17157D218167}.Release|Any CPU.ActiveCfg = Release|Any CPU
		{DB7DE2B5-E0B9-4BB7-B5D8-17157D218167}.Release|Any CPU.Build.0 = Release|Any CPU
		{72C69C48-C1CF-4965-B91A-69146D5DC452}.Debug|Any CPU.ActiveCfg = Debug|Any CPU
		{72C69C48-C1CF-4965-B91A-69146D5DC452}.Debug|Any CPU.Build.0 = Debug|Any CPU
		{72C69C48-C1CF-4965-B91A-69146D5DC452}.Release|Any CPU.ActiveCfg = Release|Any CPU
		{72C69C48-C1CF-4965-B91A-69146D5DC452}.Release|Any CPU.Build.0 = Release|Any CPU
	EndGlobalSection
	GlobalSection(SolutionProperties) = preSolution
		HideSolutionNode = FALSE
	EndGlobalSection
	GlobalSection(ExtensibilityGlobals) = postSolution
		SolutionGuid = {D72896A5-D064-4A1E-8FF2-F06D6C0D369B}
	EndGlobalSection
EndGlobal
